
Microsoft Visual Studio Solution File, Format Version 12.00
# Visual Studio 15
VisualStudioVersion = 15.0.28010.2036
MinimumVisualStudioVersion = 10.0.40219.1
Project("{8BC9CEB8-8B4A-11D0-8D11-00A0C91BC942}") = "Ex38", "Ex38\Ex38.vcxproj", "{10545129-DEB8-41F1-AB4D-F2148D539A84}"
EndProject
Project("{8BC9CEB8-8B4A-11D0-8D11-00A0C91BC942}") = "Ex52, Ex58", "Ex52, Ex58\Ex52, Ex58.vcxproj", "{EC53322F-E30D-4FCF-A0AF-AA832B482C1E}"
EndProject
Project("{8BC9CEB8-8B4A-11D0-8D11-00A0C91BC942}") = "Ex62, Ex63", "Ex62, Ex63\Ex62, Ex63.vcxproj", "{56577E59-98A4-4328-9A41-272575D77EFE}"
EndProject
Project("{8BC9CEB8-8B4A-11D0-8D11-00A0C91BC942}") = "Ex80", "Ex80\Ex80.vcxproj", "{D2A755A8-57B0-4307-BFD5-246ADB4A98CD}"
EndProject
Project("{8BC9CEB8-8B4A-11D0-8D11-00A0C91BC942}") = "Ex81", "Ex81\Ex81.vcxproj", "{F642B3D8-A285-42EF-97F5-2E52C2F1F7F3}"
EndProject
Project("{8BC9CEB8-8B4A-11D0-8D11-00A0C91BC942}") = "Ex82", "Ex82\Ex82.vcxproj", "{90EB79C4-A551-4E61-BF00-F1BF88368CE5}"
EndProject
Project("{8BC9CEB8-8B4A-11D0-8D11-00A0C91BC942}") = "Ex83", "Ex83\Ex83.vcxproj", "{5792DCED-48E8-4AB2-8CC2-93F806D2C2AC}"
EndProject
Global
	GlobalSection(SolutionConfigurationPlatforms) = preSolution
		Debug|x64 = Debug|x64
		Debug|x86 = Debug|x86
		Release|x64 = Release|x64
		Release|x86 = Release|x86
	EndGlobalSection
	GlobalSection(ProjectConfigurationPlatforms) = postSolution
		{10545129-DEB8-41F1-AB4D-F2148D539A84}.Debug|x64.ActiveCfg = Debug|x64
		{10545129-DEB8-41F1-AB4D-F2148D539A84}.Debug|x64.Build.0 = Debug|x64
		{10545129-DEB8-41F1-AB4D-F2148D539A84}.Debug|x86.ActiveCfg = Debug|Win32
		{10545129-DEB8-41F1-AB4D-F2148D539A84}.Debug|x86.Build.0 = Debug|Win32
		{10545129-DEB8-41F1-AB4D-F2148D539A84}.Release|x64.ActiveCfg = Release|x64
		{10545129-DEB8-41F1-AB4D-F2148D539A84}.Release|x64.Build.0 = Release|x64
		{10545129-DEB8-41F1-AB4D-F2148D539A84}.Release|x86.ActiveCfg = Release|Win32
		{10545129-DEB8-41F1-AB4D-F2148D539A84}.Release|x86.Build.0 = Release|Win32
		{EC53322F-E30D-4FCF-A0AF-AA832B482C1E}.Debug|x64.ActiveCfg = Debug|x64
		{EC53322F-E30D-4FCF-A0AF-AA832B482C1E}.Debug|x64.Build.0 = Debug|x64
		{EC53322F-E30D-4FCF-A0AF-AA832B482C1E}.Debug|x86.ActiveCfg = Debug|Win32
		{EC53322F-E30D-4FCF-A0AF-AA832B482C1E}.Debug|x86.Build.0 = Debug|Win32
		{EC53322F-E30D-4FCF-A0AF-AA832B482C1E}.Release|x64.ActiveCfg = Release|x64
		{EC53322F-E30D-4FCF-A0AF-AA832B482C1E}.Release|x64.Build.0 = Release|x64
		{EC53322F-E30D-4FCF-A0AF-AA832B482C1E}.Release|x86.ActiveCfg = Release|Win32
		{EC53322F-E30D-4FCF-A0AF-AA832B482C1E}.Release|x86.Build.0 = Release|Win32
		{56577E59-98A4-4328-9A41-272575D77EFE}.Debug|x64.ActiveCfg = Debug|x64
		{56577E59-98A4-4328-9A41-272575D77EFE}.Debug|x64.Build.0 = Debug|x64
		{56577E59-98A4-4328-9A41-272575D77EFE}.Debug|x86.ActiveCfg = Debug|Win32
		{56577E59-98A4-4328-9A41-272575D77EFE}.Debug|x86.Build.0 = Debug|Win32
		{56577E59-98A4-4328-9A41-272575D77EFE}.Release|x64.ActiveCfg = Release|x64
		{56577E59-98A4-4328-9A41-272575D77EFE}.Release|x64.Build.0 = Release|x64
		{56577E59-98A4-4328-9A41-272575D77EFE}.Release|x86.ActiveCfg = Release|Win32
		{56577E59-98A4-4328-9A41-272575D77EFE}.Release|x86.Build.0 = Release|Win32
		{D2A755A8-57B0-4307-BFD5-246ADB4A98CD}.Debug|x64.ActiveCfg = Debug|x64
		{D2A755A8-57B0-4307-BFD5-246ADB4A98CD}.Debug|x64.Build.0 = Debug|x64
		{D2A755A8-57B0-4307-BFD5-246ADB4A98CD}.Debug|x86.ActiveCfg = Debug|Win32
		{D2A755A8-57B0-4307-BFD5-246ADB4A98CD}.Debug|x86.Build.0 = Debug|Win32
		{D2A755A8-57B0-4307-BFD5-246ADB4A98CD}.Release|x64.ActiveCfg = Release|x64
		{D2A755A8-57B0-4307-BFD5-246ADB4A98CD}.Release|x64.Build.0 = Release|x64
		{D2A755A8-57B0-4307-BFD5-246ADB4A98CD}.Release|x86.ActiveCfg = Release|Win32
		{D2A755A8-57B0-4307-BFD5-246ADB4A98CD}.Release|x86.Build.0 = Release|Win32
		{F642B3D8-A285-42EF-97F5-2E52C2F1F7F3}.Debug|x64.ActiveCfg = Debug|x64
		{F642B3D8-A285-42EF-97F5-2E52C2F1F7F3}.Debug|x64.Build.0 = Debug|x64
		{F642B3D8-A285-42EF-97F5-2E52C2F1F7F3}.Debug|x86.ActiveCfg = Debug|Win32
		{F642B3D8-A285-42EF-97F5-2E52C2F1F7F3}.Debug|x86.Build.0 = Debug|Win32
		{F642B3D8-A285-42EF-97F5-2E52C2F1F7F3}.Release|x64.ActiveCfg = Release|x64
		{F642B3D8-A285-42EF-97F5-2E52C2F1F7F3}.Release|x64.Build.0 = Release|x64
		{F642B3D8-A285-42EF-97F5-2E52C2F1F7F3}.Release|x86.ActiveCfg = Release|Win32
		{F642B3D8-A285-42EF-97F5-2E52C2F1F7F3}.Release|x86.Build.0 = Release|Win32
		{90EB79C4-A551-4E61-BF00-F1BF88368CE5}.Debug|x64.ActiveCfg = Debug|x64
		{90EB79C4-A551-4E61-BF00-F1BF88368CE5}.Debug|x64.Build.0 = Debug|x64
		{90EB79C4-A551-4E61-BF00-F1BF88368CE5}.Debug|x86.ActiveCfg = Debug|Win32
		{90EB79C4-A551-4E61-BF00-F1BF88368CE5}.Debug|x86.Build.0 = Debug|Win32
		{90EB79C4-A551-4E61-BF00-F1BF88368CE5}.Release|x64.ActiveCfg = Release|x64
		{90EB79C4-A551-4E61-BF00-F1BF88368CE5}.Release|x64.Build.0 = Release|x64
		{90EB79C4-A551-4E61-BF00-F1BF88368CE5}.Release|x86.ActiveCfg = Release|Win32
		{90EB79C4-A551-4E61-BF00-F1BF88368CE5}.Release|x86.Build.0 = Release|Win32
		{5792DCED-48E8-4AB2-8CC2-93F806D2C2AC}.Debug|x64.ActiveCfg = Debug|x64
		{5792DCED-48E8-4AB2-8CC2-93F806D2C2AC}.Debug|x64.Build.0 = Debug|x64
		{5792DCED-48E8-4AB2-8CC2-93F806D2C2AC}.Debug|x86.ActiveCfg = Debug|Win32
		{5792DCED-48E8-4AB2-8CC2-93F806D2C2AC}.Debug|x86.Build.0 = Debug|Win32
		{5792DCED-48E8-4AB2-8CC2-93F806D2C2AC}.Release|x64.ActiveCfg = Release|x64
		{5792DCED-48E8-4AB2-8CC2-93F806D2C2AC}.Release|x64.Build.0 = Release|x64
		{5792DCED-48E8-4AB2-8CC2-93F806D2C2AC}.Release|x86.ActiveCfg = Release|Win32
		{5792DCED-48E8-4AB2-8CC2-93F806D2C2AC}.Release|x86.Build.0 = Release|Win32
	EndGlobalSection
	GlobalSection(SolutionProperties) = preSolution
		HideSolutionNode = FALSE
	EndGlobalSection
	GlobalSection(ExtensibilityGlobals) = postSolution
		SolutionGuid = {E21B97ED-0064-4D1F-BEFA-B05D5E8EB26D}
	EndGlobalSection
EndGlobal
