
Microsoft Visual Studio Solution File, Format Version 12.00
# Visual Studio 15
VisualStudioVersion = 15.0.28010.2036
MinimumVisualStudioVersion = 10.0.40219.1
Project("{8BC9CEB8-8B4A-11D0-8D11-00A0C91BC942}") = "BT8-8.2-18127070", "BT8-8.2-18127070\BT8-8.2-18127070.vcxproj", "{BAF85052-2DBB-4CC5-B078-3580DD9FF7CF}"
EndProject
Project("{8BC9CEB8-8B4A-11D0-8D11-00A0C91BC942}") = "BT8-8.3-18127070", "BT8-8.3-18127070\BT8-8.3-18127070.vcxproj", "{C1A0BCB9-7A46-4F9D-BE87-4D70019164B2}"
EndProject
Project("{8BC9CEB8-8B4A-11D0-8D11-00A0C91BC942}") = "BT8-8.4-18127070", "BT8-8.4-18127070\BT8-8.4-18127070.vcxproj", "{FE9CB674-AFEC-4324-A935-0B4B06AAFB52}"
EndProject
Project("{8BC9CEB8-8B4A-11D0-8D11-00A0C91BC942}") = "BT8-8.5-18127070", "BT8-8.5-18127070\BT8-8.5-18127070.vcxproj", "{300A0F9B-7068-4FA2-9AA2-5DCC8A954704}"
EndProject
Global
	GlobalSection(SolutionConfigurationPlatforms) = preSolution
		Debug|x64 = Debug|x64
		Debug|x86 = Debug|x86
		Release|x64 = Release|x64
		Release|x86 = Release|x86
	EndGlobalSection
	GlobalSection(ProjectConfigurationPlatforms) = postSolution
		{BAF85052-2DBB-4CC5-B078-3580DD9FF7CF}.Debug|x64.ActiveCfg = Debug|x64
		{BAF85052-2DBB-4CC5-B078-3580DD9FF7CF}.Debug|x64.Build.0 = Debug|x64
		{BAF85052-2DBB-4CC5-B078-3580DD9FF7CF}.Debug|x86.ActiveCfg = Debug|Win32
		{BAF85052-2DBB-4CC5-B078-3580DD9FF7CF}.Debug|x86.Build.0 = Debug|Win32
		{BAF85052-2DBB-4CC5-B078-3580DD9FF7CF}.Release|x64.ActiveCfg = Release|x64
		{BAF85052-2DBB-4CC5-B078-3580DD9FF7CF}.Release|x64.Build.0 = Release|x64
		{BAF85052-2DBB-4CC5-B078-3580DD9FF7CF}.Release|x86.ActiveCfg = Release|Win32
		{BAF85052-2DBB-4CC5-B078-3580DD9FF7CF}.Release|x86.Build.0 = Release|Win32
		{C1A0BCB9-7A46-4F9D-BE87-4D70019164B2}.Debug|x64.ActiveCfg = Debug|x64
		{C1A0BCB9-7A46-4F9D-BE87-4D70019164B2}.Debug|x64.Build.0 = Debug|x64
		{C1A0BCB9-7A46-4F9D-BE87-4D70019164B2}.Debug|x86.ActiveCfg = Debug|Win32
		{C1A0BCB9-7A46-4F9D-BE87-4D70019164B2}.Debug|x86.Build.0 = Debug|Win32
		{C1A0BCB9-7A46-4F9D-BE87-4D70019164B2}.Release|x64.ActiveCfg = Release|x64
		{C1A0BCB9-7A46-4F9D-BE87-4D70019164B2}.Release|x64.Build.0 = Release|x64
		{C1A0BCB9-7A46-4F9D-BE87-4D70019164B2}.Release|x86.ActiveCfg = Release|Win32
		{C1A0BCB9-7A46-4F9D-BE87-4D70019164B2}.Release|x86.Build.0 = Release|Win32
		{FE9CB674-AFEC-4324-A935-0B4B06AAFB52}.Debug|x64.ActiveCfg = Debug|x64
		{FE9CB674-AFEC-4324-A935-0B4B06AAFB52}.Debug|x64.Build.0 = Debug|x64
		{FE9CB674-AFEC-4324-A935-0B4B06AAFB52}.Debug|x86.ActiveCfg = Debug|Win32
		{FE9CB674-AFEC-4324-A935-0B4B06AAFB52}.Debug|x86.Build.0 = Debug|Win32
		{FE9CB674-AFEC-4324-A935-0B4B06AAFB52}.Release|x64.ActiveCfg = Release|x64
		{FE9CB674-AFEC-4324-A935-0B4B06AAFB52}.Release|x64.Build.0 = Release|x64
		{FE9CB674-AFEC-4324-A935-0B4B06AAFB52}.Release|x86.ActiveCfg = Release|Win32
		{FE9CB674-AFEC-4324-A935-0B4B06AAFB52}.Release|x86.Build.0 = Release|Win32
		{300A0F9B-7068-4FA2-9AA2-5DCC8A954704}.Debug|x64.ActiveCfg = Debug|x64
		{300A0F9B-7068-4FA2-9AA2-5DCC8A954704}.Debug|x64.Build.0 = Debug|x64
		{300A0F9B-7068-4FA2-9AA2-5DCC8A954704}.Debug|x86.ActiveCfg = Debug|Win32
		{300A0F9B-7068-4FA2-9AA2-5DCC8A954704}.Debug|x86.Build.0 = Debug|Win32
		{300A0F9B-7068-4FA2-9AA2-5DCC8A954704}.Release|x64.ActiveCfg = Release|x64
		{300A0F9B-7068-4FA2-9AA2-5DCC8A954704}.Release|x64.Build.0 = Release|x64
		{300A0F9B-7068-4FA2-9AA2-5DCC8A954704}.Release|x86.ActiveCfg = Release|Win32
		{300A0F9B-7068-4FA2-9AA2-5DCC8A954704}.Release|x86.Build.0 = Release|Win32
	EndGlobalSection
	GlobalSection(SolutionProperties) = preSolution
		HideSolutionNode = FALSE
	EndGlobalSection
	GlobalSection(ExtensibilityGlobals) = postSolution
		SolutionGuid = {9AFC9BB4-98EB-498A-8594-87F25E20150C}
	EndGlobalSection
EndGlobal
