
Microsoft Visual Studio Solution File, Format Version 12.00
# Visual Studio 15
VisualStudioVersion = 15.0.28010.2036
MinimumVisualStudioVersion = 10.0.40219.1
Project("{8BC9CEB8-8B4A-11D0-8D11-00A0C91BC942}") = "Ex07", "Ex07\Ex07.vcxproj", "{0F79B218-5E7F-4E90-864C-78019D163A63}"
EndProject
Project("{8BC9CEB8-8B4A-11D0-8D11-00A0C91BC942}") = "Ex08", "Ex08\Ex08.vcxproj", "{73D101A7-702A-4AFD-B892-12F1DC32BE06}"
EndProject
Project("{8BC9CEB8-8B4A-11D0-8D11-00A0C91BC942}") = "Ex09", "Ex09\Ex09.vcxproj", "{4E103C66-AAD6-406F-BCAC-E738B30E55AB}"
EndProject
Project("{8BC9CEB8-8B4A-11D0-8D11-00A0C91BC942}") = "Ex12", "Ex12\Ex12.vcxproj", "{62705690-9327-4888-84DA-D98EC900AF12}"
EndProject
Project("{8BC9CEB8-8B4A-11D0-8D11-00A0C91BC942}") = "Ex13", "Ex13\Ex13.vcxproj", "{95FEA5A3-1134-4A01-B179-ABEB88D005BB}"
EndProject
Project("{8BC9CEB8-8B4A-11D0-8D11-00A0C91BC942}") = "Ex03", "Ex03\Ex03.vcxproj", "{CF3D4889-C7AF-40F5-88F6-E84BDCE9D0F4}"
EndProject
Project("{8BC9CEB8-8B4A-11D0-8D11-00A0C91BC942}") = "Ex04", "Ex04\Ex04.vcxproj", "{24F774D4-3968-4458-BE9F-E73B905253CE}"
EndProject
Project("{8BC9CEB8-8B4A-11D0-8D11-00A0C91BC942}") = "Ex11", "Ex11\Ex11.vcxproj", "{529A5BE4-A300-44A8-9F53-953F3ECFD315}"
EndProject
Project("{8BC9CEB8-8B4A-11D0-8D11-00A0C91BC942}") = "Ex14", "Ex14\Ex14.vcxproj", "{20438902-709D-4BCD-B1DF-F71A76941420}"
EndProject
Project("{8BC9CEB8-8B4A-11D0-8D11-00A0C91BC942}") = "Ex15", "Ex15\Ex15.vcxproj", "{93B40551-B1C6-427F-8DFF-803D99E36CE8}"
EndProject
Project("{8BC9CEB8-8B4A-11D0-8D11-00A0C91BC942}") = "Ex16", "Ex16\Ex16.vcxproj", "{628A22E2-9DD9-4FAA-A4D4-00ECC749D546}"
EndProject
Project("{8BC9CEB8-8B4A-11D0-8D11-00A0C91BC942}") = "Ex17", "Ex17\Ex17.vcxproj", "{D80923F9-B2DF-434F-9D6C-F6C32CE95630}"
EndProject
Project("{8BC9CEB8-8B4A-11D0-8D11-00A0C91BC942}") = "Ex18", "Ex18\Ex18.vcxproj", "{AC05345C-F99D-4666-B68B-00AF094FA29D}"
EndProject
Project("{8BC9CEB8-8B4A-11D0-8D11-00A0C91BC942}") = "Ex10", "Ex10\Ex10.vcxproj", "{B86725E0-828D-44BB-99AF-788B5F06E41A}"
EndProject
Project("{8BC9CEB8-8B4A-11D0-8D11-00A0C91BC942}") = "Ex06", "Ex06\Ex06.vcxproj", "{51419864-34F6-49EF-AC5C-405A9CEE0CF2}"
EndProject
Project("{8BC9CEB8-8B4A-11D0-8D11-00A0C91BC942}") = "Ex05", "Ex05\Ex05.vcxproj", "{FA08C0C1-D596-4182-B840-187D01F80CE4}"
EndProject
Project("{8BC9CEB8-8B4A-11D0-8D11-00A0C91BC942}") = "Ex02", "Ex02\Ex02.vcxproj", "{64E159C3-D0AB-48BD-A927-2598A61A8B1E}"
EndProject
Project("{8BC9CEB8-8B4A-11D0-8D11-00A0C91BC942}") = "Ex01", "Ex01\Ex01.vcxproj", "{A887FD26-B7B4-477D-8666-88CEC66101AA}"
EndProject
Global
	GlobalSection(SolutionConfigurationPlatforms) = preSolution
		Debug|x64 = Debug|x64
		Debug|x86 = Debug|x86
		Release|x64 = Release|x64
		Release|x86 = Release|x86
	EndGlobalSection
	GlobalSection(ProjectConfigurationPlatforms) = postSolution
		{0F79B218-5E7F-4E90-864C-78019D163A63}.Debug|x64.ActiveCfg = Debug|x64
		{0F79B218-5E7F-4E90-864C-78019D163A63}.Debug|x64.Build.0 = Debug|x64
		{0F79B218-5E7F-4E90-864C-78019D163A63}.Debug|x86.ActiveCfg = Debug|Win32
		{0F79B218-5E7F-4E90-864C-78019D163A63}.Debug|x86.Build.0 = Debug|Win32
		{0F79B218-5E7F-4E90-864C-78019D163A63}.Release|x64.ActiveCfg = Release|x64
		{0F79B218-5E7F-4E90-864C-78019D163A63}.Release|x64.Build.0 = Release|x64
		{0F79B218-5E7F-4E90-864C-78019D163A63}.Release|x86.ActiveCfg = Release|Win32
		{0F79B218-5E7F-4E90-864C-78019D163A63}.Release|x86.Build.0 = Release|Win32
		{73D101A7-702A-4AFD-B892-12F1DC32BE06}.Debug|x64.ActiveCfg = Debug|x64
		{73D101A7-702A-4AFD-B892-12F1DC32BE06}.Debug|x64.Build.0 = Debug|x64
		{73D101A7-702A-4AFD-B892-12F1DC32BE06}.Debug|x86.ActiveCfg = Debug|Win32
		{73D101A7-702A-4AFD-B892-12F1DC32BE06}.Debug|x86.Build.0 = Debug|Win32
		{73D101A7-702A-4AFD-B892-12F1DC32BE06}.Release|x64.ActiveCfg = Release|x64
		{73D101A7-702A-4AFD-B892-12F1DC32BE06}.Release|x64.Build.0 = Release|x64
		{73D101A7-702A-4AFD-B892-12F1DC32BE06}.Release|x86.ActiveCfg = Release|Win32
		{73D101A7-702A-4AFD-B892-12F1DC32BE06}.Release|x86.Build.0 = Release|Win32
		{4E103C66-AAD6-406F-BCAC-E738B30E55AB}.Debug|x64.ActiveCfg = Debug|x64
		{4E103C66-AAD6-406F-BCAC-E738B30E55AB}.Debug|x64.Build.0 = Debug|x64
		{4E103C66-AAD6-406F-BCAC-E738B30E55AB}.Debug|x86.ActiveCfg = Debug|Win32
		{4E103C66-AAD6-406F-BCAC-E738B30E55AB}.Debug|x86.Build.0 = Debug|Win32
		{4E103C66-AAD6-406F-BCAC-E738B30E55AB}.Release|x64.ActiveCfg = Release|x64
		{4E103C66-AAD6-406F-BCAC-E738B30E55AB}.Release|x64.Build.0 = Release|x64
		{4E103C66-AAD6-406F-BCAC-E738B30E55AB}.Release|x86.ActiveCfg = Release|Win32
		{4E103C66-AAD6-406F-BCAC-E738B30E55AB}.Release|x86.Build.0 = Release|Win32
		{62705690-9327-4888-84DA-D98EC900AF12}.Debug|x64.ActiveCfg = Debug|x64
		{62705690-9327-4888-84DA-D98EC900AF12}.Debug|x64.Build.0 = Debug|x64
		{62705690-9327-4888-84DA-D98EC900AF12}.Debug|x86.ActiveCfg = Debug|Win32
		{62705690-9327-4888-84DA-D98EC900AF12}.Debug|x86.Build.0 = Debug|Win32
		{62705690-9327-4888-84DA-D98EC900AF12}.Release|x64.ActiveCfg = Release|x64
		{62705690-9327-4888-84DA-D98EC900AF12}.Release|x64.Build.0 = Release|x64
		{62705690-9327-4888-84DA-D98EC900AF12}.Release|x86.ActiveCfg = Release|Win32
		{62705690-9327-4888-84DA-D98EC900AF12}.Release|x86.Build.0 = Release|Win32
		{95FEA5A3-1134-4A01-B179-ABEB88D005BB}.Debug|x64.ActiveCfg = Debug|x64
		{95FEA5A3-1134-4A01-B179-ABEB88D005BB}.Debug|x64.Build.0 = Debug|x64
		{95FEA5A3-1134-4A01-B179-ABEB88D005BB}.Debug|x86.ActiveCfg = Debug|Win32
		{95FEA5A3-1134-4A01-B179-ABEB88D005BB}.Debug|x86.Build.0 = Debug|Win32
		{95FEA5A3-1134-4A01-B179-ABEB88D005BB}.Release|x64.ActiveCfg = Release|x64
		{95FEA5A3-1134-4A01-B179-ABEB88D005BB}.Release|x64.Build.0 = Release|x64
		{95FEA5A3-1134-4A01-B179-ABEB88D005BB}.Release|x86.ActiveCfg = Release|Win32
		{95FEA5A3-1134-4A01-B179-ABEB88D005BB}.Release|x86.Build.0 = Release|Win32
		{CF3D4889-C7AF-40F5-88F6-E84BDCE9D0F4}.Debug|x64.ActiveCfg = Debug|x64
		{CF3D4889-C7AF-40F5-88F6-E84BDCE9D0F4}.Debug|x64.Build.0 = Debug|x64
		{CF3D4889-C7AF-40F5-88F6-E84BDCE9D0F4}.Debug|x86.ActiveCfg = Debug|Win32
		{CF3D4889-C7AF-40F5-88F6-E84BDCE9D0F4}.Debug|x86.Build.0 = Debug|Win32
		{CF3D4889-C7AF-40F5-88F6-E84BDCE9D0F4}.Release|x64.ActiveCfg = Release|x64
		{CF3D4889-C7AF-40F5-88F6-E84BDCE9D0F4}.Release|x64.Build.0 = Release|x64
		{CF3D4889-C7AF-40F5-88F6-E84BDCE9D0F4}.Release|x86.ActiveCfg = Release|Win32
		{CF3D4889-C7AF-40F5-88F6-E84BDCE9D0F4}.Release|x86.Build.0 = Release|Win32
		{24F774D4-3968-4458-BE9F-E73B905253CE}.Debug|x64.ActiveCfg = Debug|x64
		{24F774D4-3968-4458-BE9F-E73B905253CE}.Debug|x64.Build.0 = Debug|x64
		{24F774D4-3968-4458-BE9F-E73B905253CE}.Debug|x86.ActiveCfg = Debug|Win32
		{24F774D4-3968-4458-BE9F-E73B905253CE}.Debug|x86.Build.0 = Debug|Win32
		{24F774D4-3968-4458-BE9F-E73B905253CE}.Release|x64.ActiveCfg = Release|x64
		{24F774D4-3968-4458-BE9F-E73B905253CE}.Release|x64.Build.0 = Release|x64
		{24F774D4-3968-4458-BE9F-E73B905253CE}.Release|x86.ActiveCfg = Release|Win32
		{24F774D4-3968-4458-BE9F-E73B905253CE}.Release|x86.Build.0 = Release|Win32
		{529A5BE4-A300-44A8-9F53-953F3ECFD315}.Debug|x64.ActiveCfg = Debug|x64
		{529A5BE4-A300-44A8-9F53-953F3ECFD315}.Debug|x64.Build.0 = Debug|x64
		{529A5BE4-A300-44A8-9F53-953F3ECFD315}.Debug|x86.ActiveCfg = Debug|Win32
		{529A5BE4-A300-44A8-9F53-953F3ECFD315}.Debug|x86.Build.0 = Debug|Win32
		{529A5BE4-A300-44A8-9F53-953F3ECFD315}.Release|x64.ActiveCfg = Release|x64
		{529A5BE4-A300-44A8-9F53-953F3ECFD315}.Release|x64.Build.0 = Release|x64
		{529A5BE4-A300-44A8-9F53-953F3ECFD315}.Release|x86.ActiveCfg = Release|Win32
		{529A5BE4-A300-44A8-9F53-953F3ECFD315}.Release|x86.Build.0 = Release|Win32
		{20438902-709D-4BCD-B1DF-F71A76941420}.Debug|x64.ActiveCfg = Debug|x64
		{20438902-709D-4BCD-B1DF-F71A76941420}.Debug|x64.Build.0 = Debug|x64
		{20438902-709D-4BCD-B1DF-F71A76941420}.Debug|x86.ActiveCfg = Debug|Win32
		{20438902-709D-4BCD-B1DF-F71A76941420}.Debug|x86.Build.0 = Debug|Win32
		{20438902-709D-4BCD-B1DF-F71A76941420}.Release|x64.ActiveCfg = Release|x64
		{20438902-709D-4BCD-B1DF-F71A76941420}.Release|x64.Build.0 = Release|x64
		{20438902-709D-4BCD-B1DF-F71A76941420}.Release|x86.ActiveCfg = Release|Win32
		{20438902-709D-4BCD-B1DF-F71A76941420}.Release|x86.Build.0 = Release|Win32
		{93B40551-B1C6-427F-8DFF-803D99E36CE8}.Debug|x64.ActiveCfg = Debug|x64
		{93B40551-B1C6-427F-8DFF-803D99E36CE8}.Debug|x64.Build.0 = Debug|x64
		{93B40551-B1C6-427F-8DFF-803D99E36CE8}.Debug|x86.ActiveCfg = Debug|Win32
		{93B40551-B1C6-427F-8DFF-803D99E36CE8}.Debug|x86.Build.0 = Debug|Win32
		{93B40551-B1C6-427F-8DFF-803D99E36CE8}.Release|x64.ActiveCfg = Release|x64
		{93B40551-B1C6-427F-8DFF-803D99E36CE8}.Release|x64.Build.0 = Release|x64
		{93B40551-B1C6-427F-8DFF-803D99E36CE8}.Release|x86.ActiveCfg = Release|Win32
		{93B40551-B1C6-427F-8DFF-803D99E36CE8}.Release|x86.Build.0 = Release|Win32
		{628A22E2-9DD9-4FAA-A4D4-00ECC749D546}.Debug|x64.ActiveCfg = Debug|x64
		{628A22E2-9DD9-4FAA-A4D4-00ECC749D546}.Debug|x64.Build.0 = Debug|x64
		{628A22E2-9DD9-4FAA-A4D4-00ECC749D546}.Debug|x86.ActiveCfg = Debug|Win32
		{628A22E2-9DD9-4FAA-A4D4-00ECC749D546}.Debug|x86.Build.0 = Debug|Win32
		{628A22E2-9DD9-4FAA-A4D4-00ECC749D546}.Release|x64.ActiveCfg = Release|x64
		{628A22E2-9DD9-4FAA-A4D4-00ECC749D546}.Release|x64.Build.0 = Release|x64
		{628A22E2-9DD9-4FAA-A4D4-00ECC749D546}.Release|x86.ActiveCfg = Release|Win32
		{628A22E2-9DD9-4FAA-A4D4-00ECC749D546}.Release|x86.Build.0 = Release|Win32
		{D80923F9-B2DF-434F-9D6C-F6C32CE95630}.Debug|x64.ActiveCfg = Debug|x64
		{D80923F9-B2DF-434F-9D6C-F6C32CE95630}.Debug|x64.Build.0 = Debug|x64
		{D80923F9-B2DF-434F-9D6C-F6C32CE95630}.Debug|x86.ActiveCfg = Debug|Win32
		{D80923F9-B2DF-434F-9D6C-F6C32CE95630}.Debug|x86.Build.0 = Debug|Win32
		{D80923F9-B2DF-434F-9D6C-F6C32CE95630}.Release|x64.ActiveCfg = Release|x64
		{D80923F9-B2DF-434F-9D6C-F6C32CE95630}.Release|x64.Build.0 = Release|x64
		{D80923F9-B2DF-434F-9D6C-F6C32CE95630}.Release|x86.ActiveCfg = Release|Win32
		{D80923F9-B2DF-434F-9D6C-F6C32CE95630}.Release|x86.Build.0 = Release|Win32
		{AC05345C-F99D-4666-B68B-00AF094FA29D}.Debug|x64.ActiveCfg = Debug|x64
		{AC05345C-F99D-4666-B68B-00AF094FA29D}.Debug|x64.Build.0 = Debug|x64
		{AC05345C-F99D-4666-B68B-00AF094FA29D}.Debug|x86.ActiveCfg = Debug|Win32
		{AC05345C-F99D-4666-B68B-00AF094FA29D}.Debug|x86.Build.0 = Debug|Win32
		{AC05345C-F99D-4666-B68B-00AF094FA29D}.Release|x64.ActiveCfg = Release|x64
		{AC05345C-F99D-4666-B68B-00AF094FA29D}.Release|x64.Build.0 = Release|x64
		{AC05345C-F99D-4666-B68B-00AF094FA29D}.Release|x86.ActiveCfg = Release|Win32
		{AC05345C-F99D-4666-B68B-00AF094FA29D}.Release|x86.Build.0 = Release|Win32
		{B86725E0-828D-44BB-99AF-788B5F06E41A}.Debug|x64.ActiveCfg = Debug|x64
		{B86725E0-828D-44BB-99AF-788B5F06E41A}.Debug|x64.Build.0 = Debug|x64
		{B86725E0-828D-44BB-99AF-788B5F06E41A}.Debug|x86.ActiveCfg = Debug|Win32
		{B86725E0-828D-44BB-99AF-788B5F06E41A}.Debug|x86.Build.0 = Debug|Win32
		{B86725E0-828D-44BB-99AF-788B5F06E41A}.Release|x64.ActiveCfg = Release|x64
		{B86725E0-828D-44BB-99AF-788B5F06E41A}.Release|x64.Build.0 = Release|x64
		{B86725E0-828D-44BB-99AF-788B5F06E41A}.Release|x86.ActiveCfg = Release|Win32
		{B86725E0-828D-44BB-99AF-788B5F06E41A}.Release|x86.Build.0 = Release|Win32
		{51419864-34F6-49EF-AC5C-405A9CEE0CF2}.Debug|x64.ActiveCfg = Debug|x64
		{51419864-34F6-49EF-AC5C-405A9CEE0CF2}.Debug|x64.Build.0 = Debug|x64
		{51419864-34F6-49EF-AC5C-405A9CEE0CF2}.Debug|x86.ActiveCfg = Debug|Win32
		{51419864-34F6-49EF-AC5C-405A9CEE0CF2}.Debug|x86.Build.0 = Debug|Win32
		{51419864-34F6-49EF-AC5C-405A9CEE0CF2}.Release|x64.ActiveCfg = Release|x64
		{51419864-34F6-49EF-AC5C-405A9CEE0CF2}.Release|x64.Build.0 = Release|x64
		{51419864-34F6-49EF-AC5C-405A9CEE0CF2}.Release|x86.ActiveCfg = Release|Win32
		{51419864-34F6-49EF-AC5C-405A9CEE0CF2}.Release|x86.Build.0 = Release|Win32
		{FA08C0C1-D596-4182-B840-187D01F80CE4}.Debug|x64.ActiveCfg = Debug|x64
		{FA08C0C1-D596-4182-B840-187D01F80CE4}.Debug|x64.Build.0 = Debug|x64
		{FA08C0C1-D596-4182-B840-187D01F80CE4}.Debug|x86.ActiveCfg = Debug|Win32
		{FA08C0C1-D596-4182-B840-187D01F80CE4}.Debug|x86.Build.0 = Debug|Win32
		{FA08C0C1-D596-4182-B840-187D01F80CE4}.Release|x64.ActiveCfg = Release|x64
		{FA08C0C1-D596-4182-B840-187D01F80CE4}.Release|x64.Build.0 = Release|x64
		{FA08C0C1-D596-4182-B840-187D01F80CE4}.Release|x86.ActiveCfg = Release|Win32
		{FA08C0C1-D596-4182-B840-187D01F80CE4}.Release|x86.Build.0 = Release|Win32
		{64E159C3-D0AB-48BD-A927-2598A61A8B1E}.Debug|x64.ActiveCfg = Debug|x64
		{64E159C3-D0AB-48BD-A927-2598A61A8B1E}.Debug|x64.Build.0 = Debug|x64
		{64E159C3-D0AB-48BD-A927-2598A61A8B1E}.Debug|x86.ActiveCfg = Debug|Win32
		{64E159C3-D0AB-48BD-A927-2598A61A8B1E}.Debug|x86.Build.0 = Debug|Win32
		{64E159C3-D0AB-48BD-A927-2598A61A8B1E}.Release|x64.ActiveCfg = Release|x64
		{64E159C3-D0AB-48BD-A927-2598A61A8B1E}.Release|x64.Build.0 = Release|x64
		{64E159C3-D0AB-48BD-A927-2598A61A8B1E}.Release|x86.ActiveCfg = Release|Win32
		{64E159C3-D0AB-48BD-A927-2598A61A8B1E}.Release|x86.Build.0 = Release|Win32
		{A887FD26-B7B4-477D-8666-88CEC66101AA}.Debug|x64.ActiveCfg = Debug|x64
		{A887FD26-B7B4-477D-8666-88CEC66101AA}.Debug|x64.Build.0 = Debug|x64
		{A887FD26-B7B4-477D-8666-88CEC66101AA}.Debug|x86.ActiveCfg = Debug|Win32
		{A887FD26-B7B4-477D-8666-88CEC66101AA}.Debug|x86.Build.0 = Debug|Win32
		{A887FD26-B7B4-477D-8666-88CEC66101AA}.Release|x64.ActiveCfg = Release|x64
		{A887FD26-B7B4-477D-8666-88CEC66101AA}.Release|x64.Build.0 = Release|x64
		{A887FD26-B7B4-477D-8666-88CEC66101AA}.Release|x86.ActiveCfg = Release|Win32
		{A887FD26-B7B4-477D-8666-88CEC66101AA}.Release|x86.Build.0 = Release|Win32
	EndGlobalSection
	GlobalSection(SolutionProperties) = preSolution
		HideSolutionNode = FALSE
	EndGlobalSection
	GlobalSection(ExtensibilityGlobals) = postSolution
		SolutionGuid = {27FD723D-5C49-4FEB-B12C-030D39DAACB9}
	EndGlobalSection
EndGlobal
