
Microsoft Visual Studio Solution File, Format Version 12.00
# Visual Studio 15
VisualStudioVersion = 15.0.28010.2036
MinimumVisualStudioVersion = 10.0.40219.1
Project("{8BC9CEB8-8B4A-11D0-8D11-00A0C91BC942}") = "Ex129", "Ex129\Ex129.vcxproj", "{F576C24A-5DBC-4E18-94BA-C65645F6BC22}"
EndProject
Project("{8BC9CEB8-8B4A-11D0-8D11-00A0C91BC942}") = "Ex131", "Ex131\Ex131.vcxproj", "{F4711BB0-311A-47EC-876E-6088DC58AC9F}"
EndProject
Project("{8BC9CEB8-8B4A-11D0-8D11-00A0C91BC942}") = "Ex148", "Ex148\Ex148.vcxproj", "{5E8F80D0-CB88-446A-81AB-84A9AA564DBC}"
EndProject
Project("{8BC9CEB8-8B4A-11D0-8D11-00A0C91BC942}") = "Ex161", "Ex161\Ex161.vcxproj", "{69521F4A-2D67-4126-B845-2DDC162513D9}"
EndProject
Project("{8BC9CEB8-8B4A-11D0-8D11-00A0C91BC942}") = "Ex171", "Ex171\Ex171.vcxproj", "{391231B0-F217-4E1D-9939-169764DD5DF3}"
EndProject
Project("{8BC9CEB8-8B4A-11D0-8D11-00A0C91BC942}") = "Ex155", "Ex155\Ex155.vcxproj", "{C56F1AD1-B51A-4FA8-917D-829550D63CD8}"
EndProject
Project("{8BC9CEB8-8B4A-11D0-8D11-00A0C91BC942}") = "Ex179", "Ex179\Ex179.vcxproj", "{BE938C6E-E447-4671-BDD4-FB5A9ACD59FC}"
EndProject
Project("{8BC9CEB8-8B4A-11D0-8D11-00A0C91BC942}") = "Ex189", "Ex189\Ex189.vcxproj", "{03AEE824-6199-4B0B-94A6-F416F4C95306}"
EndProject
Project("{8BC9CEB8-8B4A-11D0-8D11-00A0C91BC942}") = "Ex203", "Ex203\Ex203.vcxproj", "{AC8DB3EA-EA3E-4FCB-8508-55D25F1EAB63}"
EndProject
Project("{8BC9CEB8-8B4A-11D0-8D11-00A0C91BC942}") = "Ex211", "Ex211\Ex211.vcxproj", "{209F7489-C1A9-433A-A1CA-A14D34A91FBB}"
EndProject
Project("{8BC9CEB8-8B4A-11D0-8D11-00A0C91BC942}") = "Ex233", "Ex233\Ex233.vcxproj", "{7A3F7793-6CB4-4110-9681-5D111997718C}"
EndProject
Project("{8BC9CEB8-8B4A-11D0-8D11-00A0C91BC942}") = "Ex248", "Ex248\Ex248.vcxproj", "{346FF6D6-5735-46A1-B4BB-F85B92DEA3BC}"
EndProject
Project("{8BC9CEB8-8B4A-11D0-8D11-00A0C91BC942}") = "Ex256", "Ex256\Ex256.vcxproj", "{9E2992F8-996B-4652-B86F-9427D717D89A}"
EndProject
Project("{8BC9CEB8-8B4A-11D0-8D11-00A0C91BC942}") = "Ex258", "Ex258\Ex258.vcxproj", "{1FA4F2A6-988E-4EBD-91DF-B144AA49C95D}"
EndProject
Project("{8BC9CEB8-8B4A-11D0-8D11-00A0C91BC942}") = "Ex266", "Ex266\Ex266.vcxproj", "{BB5F90E7-401D-40A7-A186-C7B06542F7A9}"
EndProject
Project("{8BC9CEB8-8B4A-11D0-8D11-00A0C91BC942}") = "Ex269", "Ex269\Ex269.vcxproj", "{86C0336E-A140-4880-AA39-A29A11D8BFBF}"
EndProject
Project("{8BC9CEB8-8B4A-11D0-8D11-00A0C91BC942}") = "Ex271", "Ex271\Ex271.vcxproj", "{282F0F53-09B2-41F6-A4AE-8EA7A92E5B72}"
EndProject
Project("{8BC9CEB8-8B4A-11D0-8D11-00A0C91BC942}") = "Ex277", "Ex277\Ex277.vcxproj", "{A5AEE6C0-A9D8-4FD2-A32C-D1D2714DA02D}"
EndProject
Project("{8BC9CEB8-8B4A-11D0-8D11-00A0C91BC942}") = "Ex307", "Ex307\Ex307.vcxproj", "{E88BE0AE-C0C2-43E4-9BEE-E5715CE4BCD8}"
EndProject
Global
	GlobalSection(SolutionConfigurationPlatforms) = preSolution
		Debug|x64 = Debug|x64
		Debug|x86 = Debug|x86
		Release|x64 = Release|x64
		Release|x86 = Release|x86
	EndGlobalSection
	GlobalSection(ProjectConfigurationPlatforms) = postSolution
		{F576C24A-5DBC-4E18-94BA-C65645F6BC22}.Debug|x64.ActiveCfg = Debug|x64
		{F576C24A-5DBC-4E18-94BA-C65645F6BC22}.Debug|x64.Build.0 = Debug|x64
		{F576C24A-5DBC-4E18-94BA-C65645F6BC22}.Debug|x86.ActiveCfg = Debug|Win32
		{F576C24A-5DBC-4E18-94BA-C65645F6BC22}.Debug|x86.Build.0 = Debug|Win32
		{F576C24A-5DBC-4E18-94BA-C65645F6BC22}.Release|x64.ActiveCfg = Release|x64
		{F576C24A-5DBC-4E18-94BA-C65645F6BC22}.Release|x64.Build.0 = Release|x64
		{F576C24A-5DBC-4E18-94BA-C65645F6BC22}.Release|x86.ActiveCfg = Release|Win32
		{F576C24A-5DBC-4E18-94BA-C65645F6BC22}.Release|x86.Build.0 = Release|Win32
		{F4711BB0-311A-47EC-876E-6088DC58AC9F}.Debug|x64.ActiveCfg = Debug|x64
		{F4711BB0-311A-47EC-876E-6088DC58AC9F}.Debug|x64.Build.0 = Debug|x64
		{F4711BB0-311A-47EC-876E-6088DC58AC9F}.Debug|x86.ActiveCfg = Debug|Win32
		{F4711BB0-311A-47EC-876E-6088DC58AC9F}.Debug|x86.Build.0 = Debug|Win32
		{F4711BB0-311A-47EC-876E-6088DC58AC9F}.Release|x64.ActiveCfg = Release|x64
		{F4711BB0-311A-47EC-876E-6088DC58AC9F}.Release|x64.Build.0 = Release|x64
		{F4711BB0-311A-47EC-876E-6088DC58AC9F}.Release|x86.ActiveCfg = Release|Win32
		{F4711BB0-311A-47EC-876E-6088DC58AC9F}.Release|x86.Build.0 = Release|Win32
		{5E8F80D0-CB88-446A-81AB-84A9AA564DBC}.Debug|x64.ActiveCfg = Debug|x64
		{5E8F80D0-CB88-446A-81AB-84A9AA564DBC}.Debug|x64.Build.0 = Debug|x64
		{5E8F80D0-CB88-446A-81AB-84A9AA564DBC}.Debug|x86.ActiveCfg = Debug|Win32
		{5E8F80D0-CB88-446A-81AB-84A9AA564DBC}.Debug|x86.Build.0 = Debug|Win32
		{5E8F80D0-CB88-446A-81AB-84A9AA564DBC}.Release|x64.ActiveCfg = Release|x64
		{5E8F80D0-CB88-446A-81AB-84A9AA564DBC}.Release|x64.Build.0 = Release|x64
		{5E8F80D0-CB88-446A-81AB-84A9AA564DBC}.Release|x86.ActiveCfg = Release|Win32
		{5E8F80D0-CB88-446A-81AB-84A9AA564DBC}.Release|x86.Build.0 = Release|Win32
		{69521F4A-2D67-4126-B845-2DDC162513D9}.Debug|x64.ActiveCfg = Debug|x64
		{69521F4A-2D67-4126-B845-2DDC162513D9}.Debug|x64.Build.0 = Debug|x64
		{69521F4A-2D67-4126-B845-2DDC162513D9}.Debug|x86.ActiveCfg = Debug|Win32
		{69521F4A-2D67-4126-B845-2DDC162513D9}.Debug|x86.Build.0 = Debug|Win32
		{69521F4A-2D67-4126-B845-2DDC162513D9}.Release|x64.ActiveCfg = Release|x64
		{69521F4A-2D67-4126-B845-2DDC162513D9}.Release|x64.Build.0 = Release|x64
		{69521F4A-2D67-4126-B845-2DDC162513D9}.Release|x86.ActiveCfg = Release|Win32
		{69521F4A-2D67-4126-B845-2DDC162513D9}.Release|x86.Build.0 = Release|Win32
		{391231B0-F217-4E1D-9939-169764DD5DF3}.Debug|x64.ActiveCfg = Debug|x64
		{391231B0-F217-4E1D-9939-169764DD5DF3}.Debug|x64.Build.0 = Debug|x64
		{391231B0-F217-4E1D-9939-169764DD5DF3}.Debug|x86.ActiveCfg = Debug|Win32
		{391231B0-F217-4E1D-9939-169764DD5DF3}.Debug|x86.Build.0 = Debug|Win32
		{391231B0-F217-4E1D-9939-169764DD5DF3}.Release|x64.ActiveCfg = Release|x64
		{391231B0-F217-4E1D-9939-169764DD5DF3}.Release|x64.Build.0 = Release|x64
		{391231B0-F217-4E1D-9939-169764DD5DF3}.Release|x86.ActiveCfg = Release|Win32
		{391231B0-F217-4E1D-9939-169764DD5DF3}.Release|x86.Build.0 = Release|Win32
		{C56F1AD1-B51A-4FA8-917D-829550D63CD8}.Debug|x64.ActiveCfg = Debug|x64
		{C56F1AD1-B51A-4FA8-917D-829550D63CD8}.Debug|x64.Build.0 = Debug|x64
		{C56F1AD1-B51A-4FA8-917D-829550D63CD8}.Debug|x86.ActiveCfg = Debug|Win32
		{C56F1AD1-B51A-4FA8-917D-829550D63CD8}.Debug|x86.Build.0 = Debug|Win32
		{C56F1AD1-B51A-4FA8-917D-829550D63CD8}.Release|x64.ActiveCfg = Release|x64
		{C56F1AD1-B51A-4FA8-917D-829550D63CD8}.Release|x64.Build.0 = Release|x64
		{C56F1AD1-B51A-4FA8-917D-829550D63CD8}.Release|x86.ActiveCfg = Release|Win32
		{C56F1AD1-B51A-4FA8-917D-829550D63CD8}.Release|x86.Build.0 = Release|Win32
		{BE938C6E-E447-4671-BDD4-FB5A9ACD59FC}.Debug|x64.ActiveCfg = Debug|x64
		{BE938C6E-E447-4671-BDD4-FB5A9ACD59FC}.Debug|x64.Build.0 = Debug|x64
		{BE938C6E-E447-4671-BDD4-FB5A9ACD59FC}.Debug|x86.ActiveCfg = Debug|Win32
		{BE938C6E-E447-4671-BDD4-FB5A9ACD59FC}.Debug|x86.Build.0 = Debug|Win32
		{BE938C6E-E447-4671-BDD4-FB5A9ACD59FC}.Release|x64.ActiveCfg = Release|x64
		{BE938C6E-E447-4671-BDD4-FB5A9ACD59FC}.Release|x64.Build.0 = Release|x64
		{BE938C6E-E447-4671-BDD4-FB5A9ACD59FC}.Release|x86.ActiveCfg = Release|Win32
		{BE938C6E-E447-4671-BDD4-FB5A9ACD59FC}.Release|x86.Build.0 = Release|Win32
		{03AEE824-6199-4B0B-94A6-F416F4C95306}.Debug|x64.ActiveCfg = Debug|x64
		{03AEE824-6199-4B0B-94A6-F416F4C95306}.Debug|x64.Build.0 = Debug|x64
		{03AEE824-6199-4B0B-94A6-F416F4C95306}.Debug|x86.ActiveCfg = Debug|Win32
		{03AEE824-6199-4B0B-94A6-F416F4C95306}.Debug|x86.Build.0 = Debug|Win32
		{03AEE824-6199-4B0B-94A6-F416F4C95306}.Release|x64.ActiveCfg = Release|x64
		{03AEE824-6199-4B0B-94A6-F416F4C95306}.Release|x64.Build.0 = Release|x64
		{03AEE824-6199-4B0B-94A6-F416F4C95306}.Release|x86.ActiveCfg = Release|Win32
		{03AEE824-6199-4B0B-94A6-F416F4C95306}.Release|x86.Build.0 = Release|Win32
		{AC8DB3EA-EA3E-4FCB-8508-55D25F1EAB63}.Debug|x64.ActiveCfg = Debug|x64
		{AC8DB3EA-EA3E-4FCB-8508-55D25F1EAB63}.Debug|x64.Build.0 = Debug|x64
		{AC8DB3EA-EA3E-4FCB-8508-55D25F1EAB63}.Debug|x86.ActiveCfg = Debug|Win32
		{AC8DB3EA-EA3E-4FCB-8508-55D25F1EAB63}.Debug|x86.Build.0 = Debug|Win32
		{AC8DB3EA-EA3E-4FCB-8508-55D25F1EAB63}.Release|x64.ActiveCfg = Release|x64
		{AC8DB3EA-EA3E-4FCB-8508-55D25F1EAB63}.Release|x64.Build.0 = Release|x64
		{AC8DB3EA-EA3E-4FCB-8508-55D25F1EAB63}.Release|x86.ActiveCfg = Release|Win32
		{AC8DB3EA-EA3E-4FCB-8508-55D25F1EAB63}.Release|x86.Build.0 = Release|Win32
		{209F7489-C1A9-433A-A1CA-A14D34A91FBB}.Debug|x64.ActiveCfg = Debug|x64
		{209F7489-C1A9-433A-A1CA-A14D34A91FBB}.Debug|x64.Build.0 = Debug|x64
		{209F7489-C1A9-433A-A1CA-A14D34A91FBB}.Debug|x86.ActiveCfg = Debug|Win32
		{209F7489-C1A9-433A-A1CA-A14D34A91FBB}.Debug|x86.Build.0 = Debug|Win32
		{209F7489-C1A9-433A-A1CA-A14D34A91FBB}.Release|x64.ActiveCfg = Release|x64
		{209F7489-C1A9-433A-A1CA-A14D34A91FBB}.Release|x64.Build.0 = Release|x64
		{209F7489-C1A9-433A-A1CA-A14D34A91FBB}.Release|x86.ActiveCfg = Release|Win32
		{209F7489-C1A9-433A-A1CA-A14D34A91FBB}.Release|x86.Build.0 = Release|Win32
		{7A3F7793-6CB4-4110-9681-5D111997718C}.Debug|x64.ActiveCfg = Debug|x64
		{7A3F7793-6CB4-4110-9681-5D111997718C}.Debug|x64.Build.0 = Debug|x64
		{7A3F7793-6CB4-4110-9681-5D111997718C}.Debug|x86.ActiveCfg = Debug|Win32
		{7A3F7793-6CB4-4110-9681-5D111997718C}.Debug|x86.Build.0 = Debug|Win32
		{7A3F7793-6CB4-4110-9681-5D111997718C}.Release|x64.ActiveCfg = Release|x64
		{7A3F7793-6CB4-4110-9681-5D111997718C}.Release|x64.Build.0 = Release|x64
		{7A3F7793-6CB4-4110-9681-5D111997718C}.Release|x86.ActiveCfg = Release|Win32
		{7A3F7793-6CB4-4110-9681-5D111997718C}.Release|x86.Build.0 = Release|Win32
		{346FF6D6-5735-46A1-B4BB-F85B92DEA3BC}.Debug|x64.ActiveCfg = Debug|x64
		{346FF6D6-5735-46A1-B4BB-F85B92DEA3BC}.Debug|x64.Build.0 = Debug|x64
		{346FF6D6-5735-46A1-B4BB-F85B92DEA3BC}.Debug|x86.ActiveCfg = Debug|Win32
		{346FF6D6-5735-46A1-B4BB-F85B92DEA3BC}.Debug|x86.Build.0 = Debug|Win32
		{346FF6D6-5735-46A1-B4BB-F85B92DEA3BC}.Release|x64.ActiveCfg = Release|x64
		{346FF6D6-5735-46A1-B4BB-F85B92DEA3BC}.Release|x64.Build.0 = Release|x64
		{346FF6D6-5735-46A1-B4BB-F85B92DEA3BC}.Release|x86.ActiveCfg = Release|Win32
		{346FF6D6-5735-46A1-B4BB-F85B92DEA3BC}.Release|x86.Build.0 = Release|Win32
		{9E2992F8-996B-4652-B86F-9427D717D89A}.Debug|x64.ActiveCfg = Debug|x64
		{9E2992F8-996B-4652-B86F-9427D717D89A}.Debug|x64.Build.0 = Debug|x64
		{9E2992F8-996B-4652-B86F-9427D717D89A}.Debug|x86.ActiveCfg = Debug|Win32
		{9E2992F8-996B-4652-B86F-9427D717D89A}.Debug|x86.Build.0 = Debug|Win32
		{9E2992F8-996B-4652-B86F-9427D717D89A}.Release|x64.ActiveCfg = Release|x64
		{9E2992F8-996B-4652-B86F-9427D717D89A}.Release|x64.Build.0 = Release|x64
		{9E2992F8-996B-4652-B86F-9427D717D89A}.Release|x86.ActiveCfg = Release|Win32
		{9E2992F8-996B-4652-B86F-9427D717D89A}.Release|x86.Build.0 = Release|Win32
		{1FA4F2A6-988E-4EBD-91DF-B144AA49C95D}.Debug|x64.ActiveCfg = Debug|x64
		{1FA4F2A6-988E-4EBD-91DF-B144AA49C95D}.Debug|x64.Build.0 = Debug|x64
		{1FA4F2A6-988E-4EBD-91DF-B144AA49C95D}.Debug|x86.ActiveCfg = Debug|Win32
		{1FA4F2A6-988E-4EBD-91DF-B144AA49C95D}.Debug|x86.Build.0 = Debug|Win32
		{1FA4F2A6-988E-4EBD-91DF-B144AA49C95D}.Release|x64.ActiveCfg = Release|x64
		{1FA4F2A6-988E-4EBD-91DF-B144AA49C95D}.Release|x64.Build.0 = Release|x64
		{1FA4F2A6-988E-4EBD-91DF-B144AA49C95D}.Release|x86.ActiveCfg = Release|Win32
		{1FA4F2A6-988E-4EBD-91DF-B144AA49C95D}.Release|x86.Build.0 = Release|Win32
		{BB5F90E7-401D-40A7-A186-C7B06542F7A9}.Debug|x64.ActiveCfg = Debug|x64
		{BB5F90E7-401D-40A7-A186-C7B06542F7A9}.Debug|x64.Build.0 = Debug|x64
		{BB5F90E7-401D-40A7-A186-C7B06542F7A9}.Debug|x86.ActiveCfg = Debug|Win32
		{BB5F90E7-401D-40A7-A186-C7B06542F7A9}.Debug|x86.Build.0 = Debug|Win32
		{BB5F90E7-401D-40A7-A186-C7B06542F7A9}.Release|x64.ActiveCfg = Release|x64
		{BB5F90E7-401D-40A7-A186-C7B06542F7A9}.Release|x64.Build.0 = Release|x64
		{BB5F90E7-401D-40A7-A186-C7B06542F7A9}.Release|x86.ActiveCfg = Release|Win32
		{BB5F90E7-401D-40A7-A186-C7B06542F7A9}.Release|x86.Build.0 = Release|Win32
		{86C0336E-A140-4880-AA39-A29A11D8BFBF}.Debug|x64.ActiveCfg = Debug|x64
		{86C0336E-A140-4880-AA39-A29A11D8BFBF}.Debug|x64.Build.0 = Debug|x64
		{86C0336E-A140-4880-AA39-A29A11D8BFBF}.Debug|x86.ActiveCfg = Debug|Win32
		{86C0336E-A140-4880-AA39-A29A11D8BFBF}.Debug|x86.Build.0 = Debug|Win32
		{86C0336E-A140-4880-AA39-A29A11D8BFBF}.Release|x64.ActiveCfg = Release|x64
		{86C0336E-A140-4880-AA39-A29A11D8BFBF}.Release|x64.Build.0 = Release|x64
		{86C0336E-A140-4880-AA39-A29A11D8BFBF}.Release|x86.ActiveCfg = Release|Win32
		{86C0336E-A140-4880-AA39-A29A11D8BFBF}.Release|x86.Build.0 = Release|Win32
		{282F0F53-09B2-41F6-A4AE-8EA7A92E5B72}.Debug|x64.ActiveCfg = Debug|x64
		{282F0F53-09B2-41F6-A4AE-8EA7A92E5B72}.Debug|x64.Build.0 = Debug|x64
		{282F0F53-09B2-41F6-A4AE-8EA7A92E5B72}.Debug|x86.ActiveCfg = Debug|Win32
		{282F0F53-09B2-41F6-A4AE-8EA7A92E5B72}.Debug|x86.Build.0 = Debug|Win32
		{282F0F53-09B2-41F6-A4AE-8EA7A92E5B72}.Release|x64.ActiveCfg = Release|x64
		{282F0F53-09B2-41F6-A4AE-8EA7A92E5B72}.Release|x64.Build.0 = Release|x64
		{282F0F53-09B2-41F6-A4AE-8EA7A92E5B72}.Release|x86.ActiveCfg = Release|Win32
		{282F0F53-09B2-41F6-A4AE-8EA7A92E5B72}.Release|x86.Build.0 = Release|Win32
		{A5AEE6C0-A9D8-4FD2-A32C-D1D2714DA02D}.Debug|x64.ActiveCfg = Debug|x64
		{A5AEE6C0-A9D8-4FD2-A32C-D1D2714DA02D}.Debug|x64.Build.0 = Debug|x64
		{A5AEE6C0-A9D8-4FD2-A32C-D1D2714DA02D}.Debug|x86.ActiveCfg = Debug|Win32
		{A5AEE6C0-A9D8-4FD2-A32C-D1D2714DA02D}.Debug|x86.Build.0 = Debug|Win32
		{A5AEE6C0-A9D8-4FD2-A32C-D1D2714DA02D}.Release|x64.ActiveCfg = Release|x64
		{A5AEE6C0-A9D8-4FD2-A32C-D1D2714DA02D}.Release|x64.Build.0 = Release|x64
		{A5AEE6C0-A9D8-4FD2-A32C-D1D2714DA02D}.Release|x86.ActiveCfg = Release|Win32
		{A5AEE6C0-A9D8-4FD2-A32C-D1D2714DA02D}.Release|x86.Build.0 = Release|Win32
		{E88BE0AE-C0C2-43E4-9BEE-E5715CE4BCD8}.Debug|x64.ActiveCfg = Debug|x64
		{E88BE0AE-C0C2-43E4-9BEE-E5715CE4BCD8}.Debug|x64.Build.0 = Debug|x64
		{E88BE0AE-C0C2-43E4-9BEE-E5715CE4BCD8}.Debug|x86.ActiveCfg = Debug|Win32
		{E88BE0AE-C0C2-43E4-9BEE-E5715CE4BCD8}.Debug|x86.Build.0 = Debug|Win32
		{E88BE0AE-C0C2-43E4-9BEE-E5715CE4BCD8}.Release|x64.ActiveCfg = Release|x64
		{E88BE0AE-C0C2-43E4-9BEE-E5715CE4BCD8}.Release|x64.Build.0 = Release|x64
		{E88BE0AE-C0C2-43E4-9BEE-E5715CE4BCD8}.Release|x86.ActiveCfg = Release|Win32
		{E88BE0AE-C0C2-43E4-9BEE-E5715CE4BCD8}.Release|x86.Build.0 = Release|Win32
	EndGlobalSection
	GlobalSection(SolutionProperties) = preSolution
		HideSolutionNode = FALSE
	EndGlobalSection
	GlobalSection(ExtensibilityGlobals) = postSolution
		SolutionGuid = {15061EFA-77F4-4AD2-8366-DCFD11FE73EA}
	EndGlobalSection
EndGlobal
